
Microsoft Visual Studio Solution File, Format Version 12.00
# Visual Studio Version 17
VisualStudioVersion = 17.1.31911.260
MinimumVisualStudioVersion = 10.0.40219.1
Project("{9A19103F-16F7-4668-BE54-9A1E7A4F7556}") = "InterfaceLogger", "src\InterfaceLogger.csproj", "{158C6F32-C122-4040-ADE5-16C17C08D952}"
EndProject
Project("{9A19103F-16F7-4668-BE54-9A1E7A4F7556}") = "InterfaceLoggerTests", "InterfaceLoggerTests\InterfaceLoggerTests.csproj", "{321820C2-A2BA-4183-8711-B0F255A29EB0}"
	ProjectSection(ProjectDependencies) = postProject
		{9FCAABAC-8714-4A18-9813-32DCF2C44BA9} = {9FCAABAC-8714-4A18-9813-32DCF2C44BA9}
	EndProjectSection
EndProject
Project("{2150E333-8FDC-42A3-9474-1A3956D46DE8}") = "Solution Items", "Solution Items", "{2D933683-8336-41ED-AE76-8351BF7020E9}"
	ProjectSection(SolutionItems) = preProject
		.gitignore = .gitignore
		LICENSE = LICENSE
		nuget.config = nuget.config
		README.md = README.md
	EndProjectSection
EndProject
Project("{9A19103F-16F7-4668-BE54-9A1E7A4F7556}") = "Demo", "Demo\Demo.csproj", "{F400DAEB-D8AA-4BF7-A063-05D6CB418220}"
EndProject
Project("{9A19103F-16F7-4668-BE54-9A1E7A4F7556}") = "InterfaceLogger.AOT", "InterfaceLogger.AOT\InterfaceLogger.AOT.csproj", "{9FCAABAC-8714-4A18-9813-32DCF2C44BA9}"
EndProject
Project("{FAE04EC0-301F-11D3-BF4B-00C04F79EFBC}") = "InterfaceLogger.Generator.Tests", "InterfaceLogger.Generator.Tests\InterfaceLogger.Generator.Tests.csproj", "{F9163017-350E-4635-BFCA-9138ED7C26E3}"
EndProject
Global
	GlobalSection(SolutionConfigurationPlatforms) = preSolution
		Debug|Any CPU = Debug|Any CPU
		Release|Any CPU = Release|Any CPU
	EndGlobalSection
	GlobalSection(ProjectConfigurationPlatforms) = postSolution
		{158C6F32-C122-4040-ADE5-16C17C08D952}.Debug|Any CPU.ActiveCfg = Debug|Any CPU
		{158C6F32-C122-4040-ADE5-16C17C08D952}.Debug|Any CPU.Build.0 = Debug|Any CPU
		{158C6F32-C122-4040-ADE5-16C17C08D952}.Release|Any CPU.ActiveCfg = Release|Any CPU
		{158C6F32-C122-4040-ADE5-16C17C08D952}.Release|Any CPU.Build.0 = Release|Any CPU
		{321820C2-A2BA-4183-8711-B0F255A29EB0}.Debug|Any CPU.ActiveCfg = Debug|Any CPU
		{321820C2-A2BA-4183-8711-B0F255A29EB0}.Debug|Any CPU.Build.0 = Debug|Any CPU
		{321820C2-A2BA-4183-8711-B0F255A29EB0}.Release|Any CPU.ActiveCfg = Release|Any CPU
		{321820C2-A2BA-4183-8711-B0F255A29EB0}.Release|Any CPU.Build.0 = Release|Any CPU
		{F400DAEB-D8AA-4BF7-A063-05D6CB418220}.Debug|Any CPU.ActiveCfg = Debug|Any CPU
		{F400DAEB-D8AA-4BF7-A063-05D6CB418220}.Debug|Any CPU.Build.0 = Debug|Any CPU
		{F400DAEB-D8AA-4BF7-A063-05D6CB418220}.Release|Any CPU.ActiveCfg = Release|Any CPU
		{F400DAEB-D8AA-4BF7-A063-05D6CB418220}.Release|Any CPU.Build.0 = Release|Any CPU
		{9FCAABAC-8714-4A18-9813-32DCF2C44BA9}.Debug|Any CPU.ActiveCfg = Debug|Any CPU
		{9FCAABAC-8714-4A18-9813-32DCF2C44BA9}.Debug|Any CPU.Build.0 = Debug|Any CPU
		{9FCAABAC-8714-4A18-9813-32DCF2C44BA9}.Release|Any CPU.ActiveCfg = Release|Any CPU
		{9FCAABAC-8714-4A18-9813-32DCF2C44BA9}.Release|Any CPU.Build.0 = Release|Any CPU
		{F9163017-350E-4635-BFCA-9138ED7C26E3}.Debug|Any CPU.ActiveCfg = Debug|Any CPU
		{F9163017-350E-4635-BFCA-9138ED7C26E3}.Debug|Any CPU.Build.0 = Debug|Any CPU
		{F9163017-350E-4635-BFCA-9138ED7C26E3}.Release|Any CPU.ActiveCfg = Release|Any CPU
		{F9163017-350E-4635-BFCA-9138ED7C26E3}.Release|Any CPU.Build.0 = Release|Any CPU
	EndGlobalSection
	GlobalSection(SolutionProperties) = preSolution
		HideSolutionNode = FALSE
	EndGlobalSection
	GlobalSection(ExtensibilityGlobals) = postSolution
		SolutionGuid = {EFD8387F-684A-425C-BF81-8D0CC38581F4}
	EndGlobalSection
EndGlobal
